
Microsoft Visual Studio Solution File, Format Version 12.00
# Visual Studio Version 16
VisualStudioVersion = 16.0.31729.503
MinimumVisualStudioVersion = 10.0.40219.1
Project("{FAE04EC0-301F-11D3-BF4B-00C04F79EFBC}") = "Assessment4B", "Assessment4B\Assessment4B.csproj", "{578F58CC-996A-41F5-BF01-A15E97F2329C}"
EndProject
Global
	GlobalSection(SolutionConfigurationPlatforms) = preSolution
		Debug|Any CPU = Debug|Any CPU
		Release|Any CPU = Release|Any CPU
	EndGlobalSection
	GlobalSection(ProjectConfigurationPlatforms) = postSolution
		{578F58CC-996A-41F5-BF01-A15E97F2329C}.Debug|Any CPU.ActiveCfg = Debug|Any CPU
		{578F58CC-996A-41F5-BF01-A15E97F2329C}.Debug|Any CPU.Build.0 = Debug|Any CPU
		{578F58CC-996A-41F5-BF01-A15E97F2329C}.Release|Any CPU.ActiveCfg = Release|Any CPU
		{578F58CC-996A-41F5-BF01-A15E97F2329C}.Release|Any CPU.Build.0 = Release|Any CPU
	EndGlobalSection
	GlobalSection(SolutionProperties) = preSolution
		HideSolutionNode = FALSE
	EndGlobalSection
	GlobalSection(ExtensibilityGlobals) = postSolution
		SolutionGuid = {4BB066E7-99CB-4A76-BFE8-D054E2A52C9B}
	EndGlobalSection
EndGlobal
